
Microsoft Visual Studio Solution File, Format Version 12.00
# Visual Studio Version 17
VisualStudioVersion = 17.0.31903.59
MinimumVisualStudioVersion = 10.0.40219.1
Project("{2150E333-8FDC-42A3-9474-1A3956D46DE8}") = "src", "src", "{827E0CD3-B72D-47B6-A68D-7590B98EB39B}"
EndProject
Project("{FAE04EC0-301F-11D3-BF4B-00C04F79EFBC}") = "FlowState.Domain", "src\FlowState.Domain\FlowState.Domain.csproj", "{C1422608-3D0E-4C21-9E6F-0DF46C2A56D5}"
EndProject
Project("{FAE04EC0-301F-11D3-BF4B-00C04F79EFBC}") = "FlowState.Application", "src\FlowState.Application\FlowState.Application.csproj", "{C45101AE-C561-4E6D-AE04-4AFE6172787A}"
EndProject
Project("{FAE04EC0-301F-11D3-BF4B-00C04F79EFBC}") = "FlowState.Infrastructure", "src\FlowState.Infrastructure\FlowState.Infrastructure.csproj", "{64D2FC08-F7F0-4FD7-8BEC-D5051A67B8F3}"
EndProject
Project("{FAE04EC0-301F-11D3-BF4B-00C04F79EFBC}") = "FlowState.Api", "src\FlowState.Api\FlowState.Api.csproj", "{701CD55D-B818-4B79-A6FE-7BE52BE399DD}"
EndProject
Project("{FAE04EC0-301F-11D3-BF4B-00C04F79EFBC}") = "FlowState.Web", "src\FlowState.Web\FlowState.Web.csproj", "{E0B647E0-04E0-4817-A39A-0287A9DF2D4D}"
EndProject
Project("{FAE04EC0-301F-11D3-BF4B-00C04F79EFBC}") = "FlowState.Workers", "src\FlowState.Workers\FlowState.Workers.csproj", "{2863CBF8-7231-4024-AD22-A85D58689B7B}"
EndProject
Project("{FAE04EC0-301F-11D3-BF4B-00C04F79EFBC}") = "FlowState.UnitTests", "tests\FlowState.UnitTests\FlowState.UnitTests.csproj", "{07506FEE-3280-475C-95CD-2A30F96EC143}"
EndProject
Project("{FAE04EC0-301F-11D3-BF4B-00C04F79EFBC}") = "FlowState.IntegrationTests", "tests\FlowState.IntegrationTests\FlowState.IntegrationTests.csproj", "{FE3C6802-D3A6-4530-AD65-6099639D6EDF}"
EndProject
Global
	GlobalSection(SolutionConfigurationPlatforms) = preSolution
		Debug|Any CPU = Debug|Any CPU
		Debug|x64 = Debug|x64
		Debug|x86 = Debug|x86
		Release|Any CPU = Release|Any CPU
		Release|x64 = Release|x64
		Release|x86 = Release|x86
	EndGlobalSection
	GlobalSection(ProjectConfigurationPlatforms) = postSolution
		{C1422608-3D0E-4C21-9E6F-0DF46C2A56D5}.Debug|Any CPU.ActiveCfg = Debug|Any CPU
		{C1422608-3D0E-4C21-9E6F-0DF46C2A56D5}.Debug|Any CPU.Build.0 = Debug|Any CPU
		{C1422608-3D0E-4C21-9E6F-0DF46C2A56D5}.Debug|x64.ActiveCfg = Debug|Any CPU
		{C1422608-3D0E-4C21-9E6F-0DF46C2A56D5}.Debug|x64.Build.0 = Debug|Any CPU
		{C1422608-3D0E-4C21-9E6F-0DF46C2A56D5}.Debug|x86.ActiveCfg = Debug|Any CPU
		{C1422608-3D0E-4C21-9E6F-0DF46C2A56D5}.Debug|x86.Build.0 = Debug|Any CPU
		{C1422608-3D0E-4C21-9E6F-0DF46C2A56D5}.Release|Any CPU.ActiveCfg = Release|Any CPU
		{C1422608-3D0E-4C21-9E6F-0DF46C2A56D5}.Release|Any CPU.Build.0 = Release|Any CPU
		{C1422608-3D0E-4C21-9E6F-0DF46C2A56D5}.Release|x64.ActiveCfg = Release|Any CPU
		{C1422608-3D0E-4C21-9E6F-0DF46C2A56D5}.Release|x64.Build.0 = Release|Any CPU
		{C1422608-3D0E-4C21-9E6F-0DF46C2A56D5}.Release|x86.ActiveCfg = Release|Any CPU
		{C1422608-3D0E-4C21-9E6F-0DF46C2A56D5}.Release|x86.Build.0 = Release|Any CPU
		{C45101AE-C561-4E6D-AE04-4AFE6172787A}.Debug|Any CPU.ActiveCfg = Debug|Any CPU
		{C45101AE-C561-4E6D-AE04-4AFE6172787A}.Debug|Any CPU.Build.0 = Debug|Any CPU
		{C45101AE-C561-4E6D-AE04-4AFE6172787A}.Debug|x64.ActiveCfg = Debug|Any CPU
		{C45101AE-C561-4E6D-AE04-4AFE6172787A}.Debug|x64.Build.0 = Debug|Any CPU
		{C45101AE-C561-4E6D-AE04-4AFE6172787A}.Debug|x86.ActiveCfg = Debug|Any CPU
		{C45101AE-C561-4E6D-AE04-4AFE6172787A}.Debug|x86.Build.0 = Debug|Any CPU
		{C45101AE-C561-4E6D-AE04-4AFE6172787A}.Release|Any CPU.ActiveCfg = Release|Any CPU
		{C45101AE-C561-4E6D-AE04-4AFE6172787A}.Release|Any CPU.Build.0 = Release|Any CPU
		{C45101AE-C561-4E6D-AE04-4AFE6172787A}.Release|x64.ActiveCfg = Release|Any CPU
		{C45101AE-C561-4E6D-AE04-4AFE6172787A}.Release|x64.Build.0 = Release|Any CPU
		{C45101AE-C561-4E6D-AE04-4AFE6172787A}.Release|x86.ActiveCfg = Release|Any CPU
		{C45101AE-C561-4E6D-AE04-4AFE6172787A}.Release|x86.Build.0 = Release|Any CPU
		{64D2FC08-F7F0-4FD7-8BEC-D5051A67B8F3}.Debug|Any CPU.ActiveCfg = Debug|Any CPU
		{64D2FC08-F7F0-4FD7-8BEC-D5051A67B8F3}.Debug|Any CPU.Build.0 = Debug|Any CPU
		{64D2FC08-F7F0-4FD7-8BEC-D5051A67B8F3}.Debug|x64.ActiveCfg = Debug|Any CPU
		{64D2FC08-F7F0-4FD7-8BEC-D5051A67B8F3}.Debug|x64.Build.0 = Debug|Any CPU
		{64D2FC08-F7F0-4FD7-8BEC-D5051A67B8F3}.Debug|x86.ActiveCfg = Debug|Any CPU
		{64D2FC08-F7F0-4FD7-8BEC-D5051A67B8F3}.Debug|x86.Build.0 = Debug|Any CPU
		{64D2FC08-F7F0-4FD7-8BEC-D5051A67B8F3}.Release|Any CPU.ActiveCfg = Release|Any CPU
		{64D2FC08-F7F0-4FD7-8BEC-D5051A67B8F3}.Release|Any CPU.Build.0 = Release|Any CPU
		{64D2FC08-F7F0-4FD7-8BEC-D5051A67B8F3}.Release|x64.ActiveCfg = Release|Any CPU
		{64D2FC08-F7F0-4FD7-8BEC-D5051A67B8F3}.Release|x64.Build.0 = Release|Any CPU
		{64D2FC08-F7F0-4FD7-8BEC-D5051A67B8F3}.Release|x86.ActiveCfg = Release|Any CPU
		{64D2FC08-F7F0-4FD7-8BEC-D5051A67B8F3}.Release|x86.Build.0 = Release|Any CPU
		{701CD55D-B818-4B79-A6FE-7BE52BE399DD}.Debug|Any CPU.ActiveCfg = Debug|Any CPU
		{701CD55D-B818-4B79-A6FE-7BE52BE399DD}.Debug|Any CPU.Build.0 = Debug|Any CPU
		{701CD55D-B818-4B79-A6FE-7BE52BE399DD}.Debug|x64.ActiveCfg = Debug|Any CPU
		{701CD55D-B818-4B79-A6FE-7BE52BE399DD}.Debug|x64.Build.0 = Debug|Any CPU
		{701CD55D-B818-4B79-A6FE-7BE52BE399DD}.Debug|x86.ActiveCfg = Debug|Any CPU
		{701CD55D-B818-4B79-A6FE-7BE52BE399DD}.Debug|x86.Build.0 = Debug|Any CPU
		{701CD55D-B818-4B79-A6FE-7BE52BE399DD}.Release|Any CPU.ActiveCfg = Release|Any CPU
		{701CD55D-B818-4B79-A6FE-7BE52BE399DD}.Release|Any CPU.Build.0 = Release|Any CPU
		{701CD55D-B818-4B79-A6FE-7BE52BE399DD}.Release|x64.ActiveCfg = Release|Any CPU
		{701CD55D-B818-4B79-A6FE-7BE52BE399DD}.Release|x64.Build.0 = Release|Any CPU
		{701CD55D-B818-4B79-A6FE-7BE52BE399DD}.Release|x86.ActiveCfg = Release|Any CPU
		{701CD55D-B818-4B79-A6FE-7BE52BE399DD}.Release|x86.Build.0 = Release|Any CPU
		{E0B647E0-04E0-4817-A39A-0287A9DF2D4D}.Debug|Any CPU.ActiveCfg = Debug|Any CPU
		{E0B647E0-04E0-4817-A39A-0287A9DF2D4D}.Debug|Any CPU.Build.0 = Debug|Any CPU
		{E0B647E0-04E0-4817-A39A-0287A9DF2D4D}.Debug|x64.ActiveCfg = Debug|Any CPU
		{E0B647E0-04E0-4817-A39A-0287A9DF2D4D}.Debug|x64.Build.0 = Debug|Any CPU
		{E0B647E0-04E0-4817-A39A-0287A9DF2D4D}.Debug|x86.ActiveCfg = Debug|Any CPU
		{E0B647E0-04E0-4817-A39A-0287A9DF2D4D}.Debug|x86.Build.0 = Debug|Any CPU
		{E0B647E0-04E0-4817-A39A-0287A9DF2D4D}.Release|Any CPU.ActiveCfg = Release|Any CPU
		{E0B647E0-04E0-4817-A39A-0287A9DF2D4D}.Release|Any CPU.Build.0 = Release|Any CPU
		{E0B647E0-04E0-4817-A39A-0287A9DF2D4D}.Release|x64.ActiveCfg = Release|Any CPU
		{E0B647E0-04E0-4817-A39A-0287A9DF2D4D}.Release|x64.Build.0 = Release|Any CPU
		{E0B647E0-04E0-4817-A39A-0287A9DF2D4D}.Release|x86.ActiveCfg = Release|Any CPU
		{E0B647E0-04E0-4817-A39A-0287A9DF2D4D}.Release|x86.Build.0 = Release|Any CPU
		{2863CBF8-7231-4024-AD22-A85D58689B7B}.Debug|Any CPU.ActiveCfg = Debug|Any CPU
		{2863CBF8-7231-4024-AD22-A85D58689B7B}.Debug|Any CPU.Build.0 = Debug|Any CPU
		{2863CBF8-7231-4024-AD22-A85D58689B7B}.Debug|x64.ActiveCfg = Debug|Any CPU
		{2863CBF8-7231-4024-AD22-A85D58689B7B}.Debug|x64.Build.0 = Debug|Any CPU
		{2863CBF8-7231-4024-AD22-A85D58689B7B}.Debug|x86.ActiveCfg = Debug|Any CPU
		{2863CBF8-7231-4024-AD22-A85D58689B7B}.Debug|x86.Build.0 = Debug|Any CPU
		{2863CBF8-7231-4024-AD22-A85D58689B7B}.Release|Any CPU.ActiveCfg = Release|Any CPU
		{2863CBF8-7231-4024-AD22-A85D58689B7B}.Release|Any CPU.Build.0 = Release|Any CPU
		{2863CBF8-7231-4024-AD22-A85D58689B7B}.Release|x64.ActiveCfg = Release|Any CPU
		{2863CBF8-7231-4024-AD22-A85D58689B7B}.Release|x64.Build.0 = Release|Any CPU
		{2863CBF8-7231-4024-AD22-A85D58689B7B}.Release|x86.ActiveCfg = Release|Any CPU
		{2863CBF8-7231-4024-AD22-A85D58689B7B}.Release|x86.Build.0 = Release|Any CPU
		{07506FEE-3280-475C-95CD-2A30F96EC143}.Debug|Any CPU.ActiveCfg = Debug|Any CPU
		{07506FEE-3280-475C-95CD-2A30F96EC143}.Debug|Any CPU.Build.0 = Debug|Any CPU
		{07506FEE-3280-475C-95CD-2A30F96EC143}.Debug|x64.ActiveCfg = Debug|Any CPU
		{07506FEE-3280-475C-95CD-2A30F96EC143}.Debug|x64.Build.0 = Debug|Any CPU
		{07506FEE-3280-475C-95CD-2A30F96EC143}.Debug|x86.ActiveCfg = Debug|Any CPU
		{07506FEE-3280-475C-95CD-2A30F96EC143}.Debug|x86.Build.0 = Debug|Any CPU
		{07506FEE-3280-475C-95CD-2A30F96EC143}.Release|Any CPU.ActiveCfg = Release|Any CPU
		{07506FEE-3280-475C-95CD-2A30F96EC143}.Release|Any CPU.Build.0 = Release|Any CPU
		{07506FEE-3280-475C-95CD-2A30F96EC143}.Release|x64.ActiveCfg = Release|Any CPU
		{07506FEE-3280-475C-95CD-2A30F96EC143}.Release|x64.Build.0 = Release|Any CPU
		{07506FEE-3280-475C-95CD-2A30F96EC143}.Release|x86.ActiveCfg = Release|Any CPU
		{07506FEE-3280-475C-95CD-2A30F96EC143}.Release|x86.Build.0 = Release|Any CPU
		{FE3C6802-D3A6-4530-AD65-6099639D6EDF}.Debug|Any CPU.ActiveCfg = Debug|Any CPU
		{FE3C6802-D3A6-4530-AD65-6099639D6EDF}.Debug|Any CPU.Build.0 = Debug|Any CPU
		{FE3C6802-D3A6-4530-AD65-6099639D6EDF}.Debug|x64.ActiveCfg = Debug|Any CPU
		{FE3C6802-D3A6-4530-AD65-6099639D6EDF}.Debug|x64.Build.0 = Debug|Any CPU
		{FE3C6802-D3A6-4530-AD65-6099639D6EDF}.Debug|x86.ActiveCfg = Debug|Any CPU
		{FE3C6802-D3A6-4530-AD65-6099639D6EDF}.Debug|x86.Build.0 = Debug|Any CPU
		{FE3C6802-D3A6-4530-AD65-6099639D6EDF}.Release|Any CPU.ActiveCfg = Release|Any CPU
		{FE3C6802-D3A6-4530-AD65-6099639D6EDF}.Release|Any CPU.Build.0 = Release|Any CPU
		{FE3C6802-D3A6-4530-AD65-6099639D6EDF}.Release|x64.ActiveCfg = Release|Any CPU
		{FE3C6802-D3A6-4530-AD65-6099639D6EDF}.Release|x64.Build.0 = Release|Any CPU
		{FE3C6802-D3A6-4530-AD65-6099639D6EDF}.Release|x86.ActiveCfg = Release|Any CPU
		{FE3C6802-D3A6-4530-AD65-6099639D6EDF}.Release|x86.Build.0 = Release|Any CPU
	EndGlobalSection
	GlobalSection(SolutionProperties) = preSolution
		HideSolutionNode = FALSE
	EndGlobalSection
	GlobalSection(NestedProjects) = preSolution
		{C1422608-3D0E-4C21-9E6F-0DF46C2A56D5} = {827E0CD3-B72D-47B6-A68D-7590B98EB39B}
		{C45101AE-C561-4E6D-AE04-4AFE6172787A} = {827E0CD3-B72D-47B6-A68D-7590B98EB39B}
		{64D2FC08-F7F0-4FD7-8BEC-D5051A67B8F3} = {827E0CD3-B72D-47B6-A68D-7590B98EB39B}
		{701CD55D-B818-4B79-A6FE-7BE52BE399DD} = {827E0CD3-B72D-47B6-A68D-7590B98EB39B}
		{E0B647E0-04E0-4817-A39A-0287A9DF2D4D} = {827E0CD3-B72D-47B6-A68D-7590B98EB39B}
		{2863CBF8-7231-4024-AD22-A85D58689B7B} = {827E0CD3-B72D-47B6-A68D-7590B98EB39B}
		{07506FEE-3280-475C-95CD-2A30F96EC143} = {827E0CD3-B72D-47B6-A68D-7590B98EB39B}
		{FE3C6802-D3A6-4530-AD65-6099639D6EDF} = {827E0CD3-B72D-47B6-A68D-7590B98EB39B}
	EndGlobalSection
EndGlobal
